
Microsoft Visual Studio Solution File, Format Version 12.00
# Visual Studio Version 17
VisualStudioVersion = 17.10.35122.118
MinimumVisualStudioVersion = 10.0.40219.1
Project("{9A19103F-16F7-4668-BE54-9A1E7A4F7556}") = "EmployeePortal.API", "EmployeePortal\EmployeePortal.API.csproj", "{96B73C91-06B6-4D6A-9B25-18BEBFF6076C}"
EndProject
Global
	GlobalSection(SolutionConfigurationPlatforms) = preSolution
		Debug|Any CPU = Debug|Any CPU
		Release|Any CPU = Release|Any CPU
	EndGlobalSection
	GlobalSection(ProjectConfigurationPlatforms) = postSolution
		{96B73C91-06B6-4D6A-9B25-18BEBFF6076C}.Debug|Any CPU.ActiveCfg = Debug|Any CPU
		{96B73C91-06B6-4D6A-9B25-18BEBFF6076C}.Debug|Any CPU.Build.0 = Debug|Any CPU
		{96B73C91-06B6-4D6A-9B25-18BEBFF6076C}.Release|Any CPU.ActiveCfg = Release|Any CPU
		{96B73C91-06B6-4D6A-9B25-18BEBFF6076C}.Release|Any CPU.Build.0 = Release|Any CPU
	EndGlobalSection
	GlobalSection(SolutionProperties) = preSolution
		HideSolutionNode = FALSE
	EndGlobalSection
	GlobalSection(ExtensibilityGlobals) = postSolution
		SolutionGuid = {89919E67-C477-4E92-B1D7-8BCEFE593628}
	EndGlobalSection
EndGlobal
